// !$*UTF8*$!
{
	archiveVersion = 1;
	classes = {
	};
	objectVersion = 51;
	objects = {

/* Begin PBXBuildFile section */
		656C5E6F26F03523005B62E2 /* AppDelegate.swift in Sources */ = {isa = PBXBuildFile; fileRef = 656C5E6E26F03523005B62E2 /* AppDelegate.swift */; };
		656C5E7826F03525005B62E2 /* Assets.xcassets in Resources */ = {isa = PBXBuildFile; fileRef = 656C5E7726F03525005B62E2 /* Assets.xcassets */; };
		656C5E7B26F03525005B62E2 /* LaunchScreen.storyboard in Resources */ = {isa = PBXBuildFile; fileRef = 656C5E7926F03525005B62E2 /* LaunchScreen.storyboard */; };
		656C5E8626F03526005B62E2 /* ApptunesTests.swift in Sources */ = {isa = PBXBuildFile; fileRef = 656C5E8526F03526005B62E2 /* ApptunesTests.swift */; };
		656C5E9126F03526005B62E2 /* ApptunesUITests.swift in Sources */ = {isa = PBXBuildFile; fileRef = 656C5E9026F03526005B62E2 /* ApptunesUITests.swift */; };
		656C5EA226F03836005B62E2 /* Colors.xcassets in Resources */ = {isa = PBXBuildFile; fileRef = 656C5EA126F03836005B62E2 /* Colors.xcassets */; };
		656C5EAD26F0431C005B62E2 /* DesignableButton.swift in Sources */ = {isa = PBXBuildFile; fileRef = 656C5EAC26F0431C005B62E2 /* DesignableButton.swift */; };
		656C5EAF26F04325005B62E2 /* DesignableView.swift in Sources */ = {isa = PBXBuildFile; fileRef = 656C5EAE26F04325005B62E2 /* DesignableView.swift */; };
		656C5EB126F043C2005B62E2 /* RefreshableViewProtocol.swift in Sources */ = {isa = PBXBuildFile; fileRef = 656C5EB026F043C2005B62E2 /* RefreshableViewProtocol.swift */; };
		656C5EB326F043CA005B62E2 /* ShadowProtocol.swift in Sources */ = {isa = PBXBuildFile; fileRef = 656C5EB226F043CA005B62E2 /* ShadowProtocol.swift */; };
		656C5EB526F043D1005B62E2 /* BorderProtocol.swift in Sources */ = {isa = PBXBuildFile; fileRef = 656C5EB426F043D1005B62E2 /* BorderProtocol.swift */; };
		656C5EB826F04514005B62E2 /* UIView+Animation.swift in Sources */ = {isa = PBXBuildFile; fileRef = 656C5EB726F04514005B62E2 /* UIView+Animation.swift */; };
		656C5EBE26F04963005B62E2 /* Segues.swift in Sources */ = {isa = PBXBuildFile; fileRef = 656C5EBC26F04963005B62E2 /* Segues.swift */; };
		656C5EBF26F04963005B62E2 /* Scenes.swift in Sources */ = {isa = PBXBuildFile; fileRef = 656C5EBD26F04963005B62E2 /* Scenes.swift */; };
		656C5EC226F04A16005B62E2 /* UIImageView+Kingfisher.swift in Sources */ = {isa = PBXBuildFile; fileRef = 656C5EC126F04A16005B62E2 /* UIImageView+Kingfisher.swift */; };
		656C5EC526F04B0B005B62E2 /* UIViewController+URL.swift in Sources */ = {isa = PBXBuildFile; fileRef = 656C5EC426F04B0B005B62E2 /* UIViewController+URL.swift */; };
		656C5EC926F04D56005B62E2 /* UserDataStore.xcdatamodeld in Sources */ = {isa = PBXBuildFile; fileRef = 656C5EC726F04D56005B62E2 /* UserDataStore.xcdatamodeld */; };
		656C5ECB26F04DC2005B62E2 /* ItunesTrack.swift in Sources */ = {isa = PBXBuildFile; fileRef = 656C5ECA26F04DC2005B62E2 /* ItunesTrack.swift */; };
		BAC486EA272D5461D14C5CC9 /* Pods_Apptunes.framework in Frameworks */ = {isa = PBXBuildFile; fileRef = D8EE47FCD7A0DEA247D32749 /* Pods_Apptunes.framework */; };
		F67F7306C5DA0FA63FE81DC7 /* Pods_Apptunes_ApptunesUITests.framework in Frameworks */ = {isa = PBXBuildFile; fileRef = 661C7A8679802203546761AF /* Pods_Apptunes_ApptunesUITests.framework */; };
		FCC6C03509BB066B3D39C3CD /* Pods_ApptunesTests.framework in Frameworks */ = {isa = PBXBuildFile; fileRef = 0BA57A4CD43DDE2E0FED2D68 /* Pods_ApptunesTests.framework */; };
/* End PBXBuildFile section */

/* Begin PBXContainerItemProxy section */
		656C5E8226F03526005B62E2 /* PBXContainerItemProxy */ = {
			isa = PBXContainerItemProxy;
			containerPortal = 656C5E6326F03523005B62E2 /* Project object */;
			proxyType = 1;
			remoteGlobalIDString = 656C5E6A26F03523005B62E2;
			remoteInfo = Apptunes;
		};
		656C5E8D26F03526005B62E2 /* PBXContainerItemProxy */ = {
			isa = PBXContainerItemProxy;
			containerPortal = 656C5E6326F03523005B62E2 /* Project object */;
			proxyType = 1;
			remoteGlobalIDString = 656C5E6A26F03523005B62E2;
			remoteInfo = Apptunes;
		};
/* End PBXContainerItemProxy section */

/* Begin PBXFileReference section */
		013E241133A1F8C759F6F536 /* Pods-Apptunes-ApptunesUITests.debug.xcconfig */ = {isa = PBXFileReference; includeInIndex = 1; lastKnownFileType = text.xcconfig; name = "Pods-Apptunes-ApptunesUITests.debug.xcconfig"; path = "Target Support Files/Pods-Apptunes-ApptunesUITests/Pods-Apptunes-ApptunesUITests.debug.xcconfig"; sourceTree = "<group>"; };
		0BA57A4CD43DDE2E0FED2D68 /* Pods_ApptunesTests.framework */ = {isa = PBXFileReference; explicitFileType = wrapper.framework; includeInIndex = 0; path = Pods_ApptunesTests.framework; sourceTree = BUILT_PRODUCTS_DIR; };
		0FD7D9433DD556E735102D9B /* Pods-ApptunesTests.release.xcconfig */ = {isa = PBXFileReference; includeInIndex = 1; lastKnownFileType = text.xcconfig; name = "Pods-ApptunesTests.release.xcconfig"; path = "Target Support Files/Pods-ApptunesTests/Pods-ApptunesTests.release.xcconfig"; sourceTree = "<group>"; };
		656C5E6B26F03523005B62E2 /* Apptunes.app */ = {isa = PBXFileReference; explicitFileType = wrapper.application; includeInIndex = 0; path = Apptunes.app; sourceTree = BUILT_PRODUCTS_DIR; };
		656C5E6E26F03523005B62E2 /* AppDelegate.swift */ = {isa = PBXFileReference; lastKnownFileType = sourcecode.swift; path = AppDelegate.swift; sourceTree = "<group>"; };
		656C5E7726F03525005B62E2 /* Assets.xcassets */ = {isa = PBXFileReference; lastKnownFileType = folder.assetcatalog; path = Assets.xcassets; sourceTree = "<group>"; };
		656C5E7A26F03525005B62E2 /* Base */ = {isa = PBXFileReference; lastKnownFileType = file.storyboard; name = Base; path = Base.lproj/LaunchScreen.storyboard; sourceTree = "<group>"; };
		656C5E7C26F03525005B62E2 /* Info.plist */ = {isa = PBXFileReference; lastKnownFileType = text.plist.xml; path = Info.plist; sourceTree = "<group>"; };
		656C5E8126F03526005B62E2 /* ApptunesTests.xctest */ = {isa = PBXFileReference; explicitFileType = wrapper.cfbundle; includeInIndex = 0; path = ApptunesTests.xctest; sourceTree = BUILT_PRODUCTS_DIR; };
		656C5E8526F03526005B62E2 /* ApptunesTests.swift */ = {isa = PBXFileReference; lastKnownFileType = sourcecode.swift; path = ApptunesTests.swift; sourceTree = "<group>"; };
		656C5E8726F03526005B62E2 /* Info.plist */ = {isa = PBXFileReference; lastKnownFileType = text.plist.xml; path = Info.plist; sourceTree = "<group>"; };
		656C5E8C26F03526005B62E2 /* ApptunesUITests.xctest */ = {isa = PBXFileReference; explicitFileType = wrapper.cfbundle; includeInIndex = 0; path = ApptunesUITests.xctest; sourceTree = BUILT_PRODUCTS_DIR; };
		656C5E9026F03526005B62E2 /* ApptunesUITests.swift */ = {isa = PBXFileReference; lastKnownFileType = sourcecode.swift; path = ApptunesUITests.swift; sourceTree = "<group>"; };
		656C5E9226F03526005B62E2 /* Info.plist */ = {isa = PBXFileReference; lastKnownFileType = text.plist.xml; path = Info.plist; sourceTree = "<group>"; };
		656C5EA126F03836005B62E2 /* Colors.xcassets */ = {isa = PBXFileReference; lastKnownFileType = folder.assetcatalog; path = Colors.xcassets; sourceTree = "<group>"; };
		656C5EAC26F0431C005B62E2 /* DesignableButton.swift */ = {isa = PBXFileReference; lastKnownFileType = sourcecode.swift; path = DesignableButton.swift; sourceTree = "<group>"; };
		656C5EAE26F04325005B62E2 /* DesignableView.swift */ = {isa = PBXFileReference; lastKnownFileType = sourcecode.swift; path = DesignableView.swift; sourceTree = "<group>"; };
		656C5EB026F043C2005B62E2 /* RefreshableViewProtocol.swift */ = {isa = PBXFileReference; lastKnownFileType = sourcecode.swift; path = RefreshableViewProtocol.swift; sourceTree = "<group>"; };
		656C5EB226F043CA005B62E2 /* ShadowProtocol.swift */ = {isa = PBXFileReference; lastKnownFileType = sourcecode.swift; path = ShadowProtocol.swift; sourceTree = "<group>"; };
		656C5EB426F043D1005B62E2 /* BorderProtocol.swift */ = {isa = PBXFileReference; lastKnownFileType = sourcecode.swift; path = BorderProtocol.swift; sourceTree = "<group>"; };
		656C5EB726F04514005B62E2 /* UIView+Animation.swift */ = {isa = PBXFileReference; lastKnownFileType = sourcecode.swift; path = "UIView+Animation.swift"; sourceTree = "<group>"; };
		656C5EBC26F04963005B62E2 /* Segues.swift */ = {isa = PBXFileReference; fileEncoding = 4; lastKnownFileType = sourcecode.swift; path = Segues.swift; sourceTree = "<group>"; };
		656C5EBD26F04963005B62E2 /* Scenes.swift */ = {isa = PBXFileReference; fileEncoding = 4; lastKnownFileType = sourcecode.swift; path = Scenes.swift; sourceTree = "<group>"; };
		656C5EC126F04A16005B62E2 /* UIImageView+Kingfisher.swift */ = {isa = PBXFileReference; lastKnownFileType = sourcecode.swift; path = "UIImageView+Kingfisher.swift"; sourceTree = "<group>"; };
		656C5EC426F04B0B005B62E2 /* UIViewController+URL.swift */ = {isa = PBXFileReference; lastKnownFileType = sourcecode.swift; path = "UIViewController+URL.swift"; sourceTree = "<group>"; };
		656C5EC826F04D56005B62E2 /* UserDataStore.xcdatamodel */ = {isa = PBXFileReference; lastKnownFileType = wrapper.xcdatamodel; path = UserDataStore.xcdatamodel; sourceTree = "<group>"; };
		656C5ECA26F04DC2005B62E2 /* ItunesTrack.swift */ = {isa = PBXFileReference; lastKnownFileType = sourcecode.swift; path = ItunesTrack.swift; sourceTree = "<group>"; };
		661C7A8679802203546761AF /* Pods_Apptunes_ApptunesUITests.framework */ = {isa = PBXFileReference; explicitFileType = wrapper.framework; includeInIndex = 0; path = Pods_Apptunes_ApptunesUITests.framework; sourceTree = BUILT_PRODUCTS_DIR; };
		676D1C301222C5D51BA32311 /* Pods-Apptunes.release.xcconfig */ = {isa = PBXFileReference; includeInIndex = 1; lastKnownFileType = text.xcconfig; name = "Pods-Apptunes.release.xcconfig"; path = "Target Support Files/Pods-Apptunes/Pods-Apptunes.release.xcconfig"; sourceTree = "<group>"; };
		B21AED96299BBE50383F6C7D /* Pods-ApptunesTests.debug.xcconfig */ = {isa = PBXFileReference; includeInIndex = 1; lastKnownFileType = text.xcconfig; name = "Pods-ApptunesTests.debug.xcconfig"; path = "Target Support Files/Pods-ApptunesTests/Pods-ApptunesTests.debug.xcconfig"; sourceTree = "<group>"; };
		CE248475F50BC93B28855316 /* Pods-Apptunes-ApptunesUITests.release.xcconfig */ = {isa = PBXFileReference; includeInIndex = 1; lastKnownFileType = text.xcconfig; name = "Pods-Apptunes-ApptunesUITests.release.xcconfig"; path = "Target Support Files/Pods-Apptunes-ApptunesUITests/Pods-Apptunes-ApptunesUITests.release.xcconfig"; sourceTree = "<group>"; };
		D8EE47FCD7A0DEA247D32749 /* Pods_Apptunes.framework */ = {isa = PBXFileReference; explicitFileType = wrapper.framework; includeInIndex = 0; path = Pods_Apptunes.framework; sourceTree = BUILT_PRODUCTS_DIR; };
		EFE85C812CC44131B64F6135 /* Pods-Apptunes.debug.xcconfig */ = {isa = PBXFileReference; includeInIndex = 1; lastKnownFileType = text.xcconfig; name = "Pods-Apptunes.debug.xcconfig"; path = "Target Support Files/Pods-Apptunes/Pods-Apptunes.debug.xcconfig"; sourceTree = "<group>"; };
/* End PBXFileReference section */

/* Begin PBXFrameworksBuildPhase section */
		656C5E6826F03523005B62E2 /* Frameworks */ = {
			isa = PBXFrameworksBuildPhase;
			buildActionMask = 2147483647;
			files = (
				BAC486EA272D5461D14C5CC9 /* Pods_Apptunes.framework in Frameworks */,
			);
			runOnlyForDeploymentPostprocessing = 0;
		};
		656C5E7E26F03526005B62E2 /* Frameworks */ = {
			isa = PBXFrameworksBuildPhase;
			buildActionMask = 2147483647;
			files = (
				FCC6C03509BB066B3D39C3CD /* Pods_ApptunesTests.framework in Frameworks */,
			);
			runOnlyForDeploymentPostprocessing = 0;
		};
		656C5E8926F03526005B62E2 /* Frameworks */ = {
			isa = PBXFrameworksBuildPhase;
			buildActionMask = 2147483647;
			files = (
				F67F7306C5DA0FA63FE81DC7 /* Pods_Apptunes_ApptunesUITests.framework in Frameworks */,
			);
			runOnlyForDeploymentPostprocessing = 0;
		};
/* End PBXFrameworksBuildPhase section */

/* Begin PBXGroup section */
		4818059A92E259767859166F /* Frameworks */ = {
			isa = PBXGroup;
			children = (
				D8EE47FCD7A0DEA247D32749 /* Pods_Apptunes.framework */,
				661C7A8679802203546761AF /* Pods_Apptunes_ApptunesUITests.framework */,
				0BA57A4CD43DDE2E0FED2D68 /* Pods_ApptunesTests.framework */,
			);
			name = Frameworks;
			sourceTree = "<group>";
		};
		656C5E6226F03523005B62E2 = {
			isa = PBXGroup;
			children = (
				656C5E6D26F03523005B62E2 /* Apptunes */,
				656C5E8426F03526005B62E2 /* ApptunesTests */,
				656C5E8F26F03526005B62E2 /* ApptunesUITests */,
				656C5E6C26F03523005B62E2 /* Products */,
				AA076129F92F6D4CA2276ED7 /* Pods */,
				4818059A92E259767859166F /* Frameworks */,
			);
			sourceTree = "<group>";
		};
		656C5E6C26F03523005B62E2 /* Products */ = {
			isa = PBXGroup;
			children = (
				656C5E6B26F03523005B62E2 /* Apptunes.app */,
				656C5E8126F03526005B62E2 /* ApptunesTests.xctest */,
				656C5E8C26F03526005B62E2 /* ApptunesUITests.xctest */,
			);
			name = Products;
			sourceTree = "<group>";
		};
		656C5E6D26F03523005B62E2 /* Apptunes */ = {
			isa = PBXGroup;
			children = (
				656C5E9F26F037C7005B62E2 /* Config */,
				656C5E9E26F0378E005B62E2 /* App */,
				656C5EA926F03E1B005B62E2 /* Extensions */,
				656C5EA326F03DCE005B62E2 /* Helpers */,
				656C5EA526F03DE9005B62E2 /* Clients */,
				656C5EA426F03DE0005B62E2 /* Services */,
				656C5EC626F04D21005B62E2 /* Data */,
				656C5EA626F03DF5005B62E2 /* Models */,
				656C5EA826F03E0A005B62E2 /* Scenes */,
				656C5EA726F03DF9005B62E2 /* Components */,
				656C5EBA26F04879005B62E2 /* Generated */,
				656C5EA026F037FA005B62E2 /* Resources */,
			);
			path = Apptunes;
			sourceTree = "<group>";
		};
		656C5E8426F03526005B62E2 /* ApptunesTests */ = {
			isa = PBXGroup;
			children = (
				656C5E8526F03526005B62E2 /* ApptunesTests.swift */,
				656C5E8726F03526005B62E2 /* Info.plist */,
			);
			path = ApptunesTests;
			sourceTree = "<group>";
		};
		656C5E8F26F03526005B62E2 /* ApptunesUITests */ = {
			isa = PBXGroup;
			children = (
				656C5E9026F03526005B62E2 /* ApptunesUITests.swift */,
				656C5E9226F03526005B62E2 /* Info.plist */,
			);
			path = ApptunesUITests;
			sourceTree = "<group>";
		};
		656C5E9E26F0378E005B62E2 /* App */ = {
			isa = PBXGroup;
			children = (
				656C5E6E26F03523005B62E2 /* AppDelegate.swift */,
			);
			path = App;
			sourceTree = "<group>";
		};
		656C5E9F26F037C7005B62E2 /* Config */ = {
			isa = PBXGroup;
			children = (
				656C5E7C26F03525005B62E2 /* Info.plist */,
			);
			path = Config;
			sourceTree = "<group>";
		};
		656C5EA026F037FA005B62E2 /* Resources */ = {
			isa = PBXGroup;
			children = (
				656C5E7726F03525005B62E2 /* Assets.xcassets */,
				656C5EA126F03836005B62E2 /* Colors.xcassets */,
			);
			path = Resources;
			sourceTree = "<group>";
		};
		656C5EA326F03DCE005B62E2 /* Helpers */ = {
			isa = PBXGroup;
			children = (
				656C5EB026F043C2005B62E2 /* RefreshableViewProtocol.swift */,
				656C5EB226F043CA005B62E2 /* ShadowProtocol.swift */,
				656C5EB426F043D1005B62E2 /* BorderProtocol.swift */,
			);
			path = Helpers;
			sourceTree = "<group>";
		};
		656C5EA426F03DE0005B62E2 /* Services */ = {
			isa = PBXGroup;
			children = (
			);
			path = Services;
			sourceTree = "<group>";
		};
		656C5EA526F03DE9005B62E2 /* Clients */ = {
			isa = PBXGroup;
			children = (
			);
			path = Clients;
			sourceTree = "<group>";
		};
		656C5EA626F03DF5005B62E2 /* Models */ = {
			isa = PBXGroup;
			children = (
				656C5ECA26F04DC2005B62E2 /* ItunesTrack.swift */,
			);
			path = Models;
			sourceTree = "<group>";
		};
		656C5EA726F03DF9005B62E2 /* Components */ = {
			isa = PBXGroup;
			children = (
				656C5EAB26F04309005B62E2 /* Designables */,
			);
			path = Components;
			sourceTree = "<group>";
		};
		656C5EA826F03E0A005B62E2 /* Scenes */ = {
			isa = PBXGroup;
			children = (
				656C5EAA26F04010005B62E2 /* Launch */,
			);
			path = Scenes;
			sourceTree = "<group>";
		};
		656C5EA926F03E1B005B62E2 /* Extensions */ = {
			isa = PBXGroup;
			children = (
				656C5EC326F04AF9005B62E2 /* UIViewController */,
				656C5EC026F04A02005B62E2 /* UIImageView */,
				656C5EB626F044F6005B62E2 /* UIView */,
			);
			path = Extensions;
			sourceTree = "<group>";
		};
		656C5EAA26F04010005B62E2 /* Launch */ = {
			isa = PBXGroup;
			children = (
				656C5E7926F03525005B62E2 /* LaunchScreen.storyboard */,
			);
			path = Launch;
			sourceTree = "<group>";
		};
		656C5EAB26F04309005B62E2 /* Designables */ = {
			isa = PBXGroup;
			children = (
				656C5EAC26F0431C005B62E2 /* DesignableButton.swift */,
				656C5EAE26F04325005B62E2 /* DesignableView.swift */,
			);
			path = Designables;
			sourceTree = "<group>";
		};
		656C5EB626F044F6005B62E2 /* UIView */ = {
			isa = PBXGroup;
			children = (
				656C5EB726F04514005B62E2 /* UIView+Animation.swift */,
			);
			path = UIView;
			sourceTree = "<group>";
		};
		656C5EBA26F04879005B62E2 /* Generated */ = {
			isa = PBXGroup;
			children = (
				656C5EBD26F04963005B62E2 /* Scenes.swift */,
				656C5EBC26F04963005B62E2 /* Segues.swift */,
			);
			path = Generated;
			sourceTree = "<group>";
		};
		656C5EC026F04A02005B62E2 /* UIImageView */ = {
			isa = PBXGroup;
			children = (
				656C5EC126F04A16005B62E2 /* UIImageView+Kingfisher.swift */,
			);
			path = UIImageView;
			sourceTree = "<group>";
		};
		656C5EC326F04AF9005B62E2 /* UIViewController */ = {
			isa = PBXGroup;
			children = (
				656C5EC426F04B0B005B62E2 /* UIViewController+URL.swift */,
			);
			path = UIViewController;
			sourceTree = "<group>";
		};
		656C5EC626F04D21005B62E2 /* Data */ = {
			isa = PBXGroup;
			children = (
				656C5EC726F04D56005B62E2 /* UserDataStore.xcdatamodeld */,
			);
			path = Data;
			sourceTree = "<group>";
		};
		AA076129F92F6D4CA2276ED7 /* Pods */ = {
			isa = PBXGroup;
			children = (
				EFE85C812CC44131B64F6135 /* Pods-Apptunes.debug.xcconfig */,
				676D1C301222C5D51BA32311 /* Pods-Apptunes.release.xcconfig */,
				013E241133A1F8C759F6F536 /* Pods-Apptunes-ApptunesUITests.debug.xcconfig */,
				CE248475F50BC93B28855316 /* Pods-Apptunes-ApptunesUITests.release.xcconfig */,
				B21AED96299BBE50383F6C7D /* Pods-ApptunesTests.debug.xcconfig */,
				0FD7D9433DD556E735102D9B /* Pods-ApptunesTests.release.xcconfig */,
			);
			path = Pods;
			sourceTree = "<group>";
		};
/* End PBXGroup section */

/* Begin PBXNativeTarget section */
		656C5E6A26F03523005B62E2 /* Apptunes */ = {
			isa = PBXNativeTarget;
			buildConfigurationList = 656C5E9526F03526005B62E2 /* Build configuration list for PBXNativeTarget "Apptunes" */;
			buildPhases = (
				F24BE2F8E58623005894FDA7 /* [CP] Check Pods Manifest.lock */,
				656C5E6726F03523005B62E2 /* Sources */,
				656C5E6826F03523005B62E2 /* Frameworks */,
				656C5E6926F03523005B62E2 /* Resources */,
				4182F53E70F881797DCE19DF /* [CP] Embed Pods Frameworks */,
				656C5EBB26F0491C005B62E2 /* SwiftGen */,
			);
			buildRules = (
			);
			dependencies = (
			);
			name = Apptunes;
			productName = Apptunes;
			productReference = 656C5E6B26F03523005B62E2 /* Apptunes.app */;
			productType = "com.apple.product-type.application";
		};
		656C5E8026F03526005B62E2 /* ApptunesTests */ = {
			isa = PBXNativeTarget;
			buildConfigurationList = 656C5E9826F03526005B62E2 /* Build configuration list for PBXNativeTarget "ApptunesTests" */;
			buildPhases = (
				91D0C4958DED20C92C752503 /* [CP] Check Pods Manifest.lock */,
				656C5E7D26F03526005B62E2 /* Sources */,
				656C5E7E26F03526005B62E2 /* Frameworks */,
				656C5E7F26F03526005B62E2 /* Resources */,
			);
			buildRules = (
			);
			dependencies = (
				656C5E8326F03526005B62E2 /* PBXTargetDependency */,
			);
			name = ApptunesTests;
			productName = ApptunesTests;
			productReference = 656C5E8126F03526005B62E2 /* ApptunesTests.xctest */;
			productType = "com.apple.product-type.bundle.unit-test";
		};
		656C5E8B26F03526005B62E2 /* ApptunesUITests */ = {
			isa = PBXNativeTarget;
			buildConfigurationList = 656C5E9B26F03526005B62E2 /* Build configuration list for PBXNativeTarget "ApptunesUITests" */;
			buildPhases = (
				6B72A4A1292BA2E410C95758 /* [CP] Check Pods Manifest.lock */,
				656C5E8826F03526005B62E2 /* Sources */,
				656C5E8926F03526005B62E2 /* Frameworks */,
				656C5E8A26F03526005B62E2 /* Resources */,
				60D964BBED0BB2DD54EC41CD /* [CP] Embed Pods Frameworks */,
			);
			buildRules = (
			);
			dependencies = (
				656C5E8E26F03526005B62E2 /* PBXTargetDependency */,
			);
			name = ApptunesUITests;
			productName = ApptunesUITests;
			productReference = 656C5E8C26F03526005B62E2 /* ApptunesUITests.xctest */;
			productType = "com.apple.product-type.bundle.ui-testing";
		};
/* End PBXNativeTarget section */

/* Begin PBXProject section */
		656C5E6326F03523005B62E2 /* Project object */ = {
			isa = PBXProject;
			attributes = {
				LastSwiftUpdateCheck = 1250;
				LastUpgradeCheck = 1250;
				TargetAttributes = {
					656C5E6A26F03523005B62E2 = {
						CreatedOnToolsVersion = 12.5;
					};
					656C5E8026F03526005B62E2 = {
						CreatedOnToolsVersion = 12.5;
						TestTargetID = 656C5E6A26F03523005B62E2;
					};
					656C5E8B26F03526005B62E2 = {
						CreatedOnToolsVersion = 12.5;
						TestTargetID = 656C5E6A26F03523005B62E2;
					};
				};
			};
			buildConfigurationList = 656C5E6626F03523005B62E2 /* Build configuration list for PBXProject "Apptunes" */;
			compatibilityVersion = "Xcode 9.3";
			developmentRegion = en;
			hasScannedForEncodings = 0;
			knownRegions = (
				en,
				Base,
			);
			mainGroup = 656C5E6226F03523005B62E2;
			productRefGroup = 656C5E6C26F03523005B62E2 /* Products */;
			projectDirPath = "";
			projectRoot = "";
			targets = (
				656C5E6A26F03523005B62E2 /* Apptunes */,
				656C5E8026F03526005B62E2 /* ApptunesTests */,
				656C5E8B26F03526005B62E2 /* ApptunesUITests */,
			);
		};
/* End PBXProject section */

/* Begin PBXResourcesBuildPhase section */
		656C5E6926F03523005B62E2 /* Resources */ = {
			isa = PBXResourcesBuildPhase;
			buildActionMask = 2147483647;
			files = (
				656C5EA226F03836005B62E2 /* Colors.xcassets in Resources */,
				656C5E7B26F03525005B62E2 /* LaunchScreen.storyboard in Resources */,
				656C5E7826F03525005B62E2 /* Assets.xcassets in Resources */,
			);
			runOnlyForDeploymentPostprocessing = 0;
		};
		656C5E7F26F03526005B62E2 /* Resources */ = {
			isa = PBXResourcesBuildPhase;
			buildActionMask = 2147483647;
			files = (
			);
			runOnlyForDeploymentPostprocessing = 0;
		};
		656C5E8A26F03526005B62E2 /* Resources */ = {
			isa = PBXResourcesBuildPhase;
			buildActionMask = 2147483647;
			files = (
			);
			runOnlyForDeploymentPostprocessing = 0;
		};
/* End PBXResourcesBuildPhase section */

/* Begin PBXShellScriptBuildPhase section */
		4182F53E70F881797DCE19DF /* [CP] Embed Pods Frameworks */ = {
			isa = PBXShellScriptBuildPhase;
			buildActionMask = 2147483647;
			files = (
			);
			inputFileListPaths = (
				"${PODS_ROOT}/Target Support Files/Pods-Apptunes/Pods-Apptunes-frameworks-${CONFIGURATION}-input-files.xcfilelist",
			);
			name = "[CP] Embed Pods Frameworks";
			outputFileListPaths = (
				"${PODS_ROOT}/Target Support Files/Pods-Apptunes/Pods-Apptunes-frameworks-${CONFIGURATION}-output-files.xcfilelist",
			);
			runOnlyForDeploymentPostprocessing = 0;
			shellPath = /bin/sh;
			shellScript = "\"${PODS_ROOT}/Target Support Files/Pods-Apptunes/Pods-Apptunes-frameworks.sh\"\n";
			showEnvVarsInLog = 0;
		};
		60D964BBED0BB2DD54EC41CD /* [CP] Embed Pods Frameworks */ = {
			isa = PBXShellScriptBuildPhase;
			buildActionMask = 2147483647;
			files = (
			);
			inputFileListPaths = (
				"${PODS_ROOT}/Target Support Files/Pods-Apptunes-ApptunesUITests/Pods-Apptunes-ApptunesUITests-frameworks-${CONFIGURATION}-input-files.xcfilelist",
			);
			name = "[CP] Embed Pods Frameworks";
			outputFileListPaths = (
				"${PODS_ROOT}/Target Support Files/Pods-Apptunes-ApptunesUITests/Pods-Apptunes-ApptunesUITests-frameworks-${CONFIGURATION}-output-files.xcfilelist",
			);
			runOnlyForDeploymentPostprocessing = 0;
			shellPath = /bin/sh;
			shellScript = "\"${PODS_ROOT}/Target Support Files/Pods-Apptunes-ApptunesUITests/Pods-Apptunes-ApptunesUITests-frameworks.sh\"\n";
			showEnvVarsInLog = 0;
		};
		656C5EBB26F0491C005B62E2 /* SwiftGen */ = {
			isa = PBXShellScriptBuildPhase;
			buildActionMask = 2147483647;
			files = (
			);
			inputFileListPaths = (
			);
			inputPaths = (
			);
			name = SwiftGen;
			outputFileListPaths = (
			);
			outputPaths = (
			);
			runOnlyForDeploymentPostprocessing = 0;
			shellPath = /bin/sh;
			shellScript = "if [[ -f \"${PODS_ROOT}/SwiftGen/bin/swiftgen\" ]]; then\n  \"${PODS_ROOT}/SwiftGen/bin/swiftgen\"\nelse\n  echo \"warning: SwiftGen is not installed. Run 'pod install --repo-update' to install it.\"\nfi\n";
		};
		6B72A4A1292BA2E410C95758 /* [CP] Check Pods Manifest.lock */ = {
			isa = PBXShellScriptBuildPhase;
			buildActionMask = 2147483647;
			files = (
			);
			inputFileListPaths = (
			);
			inputPaths = (
				"${PODS_PODFILE_DIR_PATH}/Podfile.lock",
				"${PODS_ROOT}/Manifest.lock",
			);
			name = "[CP] Check Pods Manifest.lock";
			outputFileListPaths = (
			);
			outputPaths = (
				"$(DERIVED_FILE_DIR)/Pods-Apptunes-ApptunesUITests-checkManifestLockResult.txt",
			);
			runOnlyForDeploymentPostprocessing = 0;
			shellPath = /bin/sh;
			shellScript = "diff \"${PODS_PODFILE_DIR_PATH}/Podfile.lock\" \"${PODS_ROOT}/Manifest.lock\" > /dev/null\nif [ $? != 0 ] ; then\n    # print error to STDERR\n    echo \"error: The sandbox is not in sync with the Podfile.lock. Run 'pod install' or update your CocoaPods installation.\" >&2\n    exit 1\nfi\n# This output is used by Xcode 'outputs' to avoid re-running this script phase.\necho \"SUCCESS\" > \"${SCRIPT_OUTPUT_FILE_0}\"\n";
			showEnvVarsInLog = 0;
		};
		91D0C4958DED20C92C752503 /* [CP] Check Pods Manifest.lock */ = {
			isa = PBXShellScriptBuildPhase;
			buildActionMask = 2147483647;
			files = (
			);
			inputFileListPaths = (
			);
			inputPaths = (
				"${PODS_PODFILE_DIR_PATH}/Podfile.lock",
				"${PODS_ROOT}/Manifest.lock",
			);
			name = "[CP] Check Pods Manifest.lock";
			outputFileListPaths = (
			);
			outputPaths = (
				"$(DERIVED_FILE_DIR)/Pods-ApptunesTests-checkManifestLockResult.txt",
			);
			runOnlyForDeploymentPostprocessing = 0;
			shellPath = /bin/sh;
			shellScript = "diff \"${PODS_PODFILE_DIR_PATH}/Podfile.lock\" \"${PODS_ROOT}/Manifest.lock\" > /dev/null\nif [ $? != 0 ] ; then\n    # print error to STDERR\n    echo \"error: The sandbox is not in sync with the Podfile.lock. Run 'pod install' or update your CocoaPods installation.\" >&2\n    exit 1\nfi\n# This output is used by Xcode 'outputs' to avoid re-running this script phase.\necho \"SUCCESS\" > \"${SCRIPT_OUTPUT_FILE_0}\"\n";
			showEnvVarsInLog = 0;
		};
		F24BE2F8E58623005894FDA7 /* [CP] Check Pods Manifest.lock */ = {
			isa = PBXShellScriptBuildPhase;
			buildActionMask = 2147483647;
			files = (
			);
			inputFileListPaths = (
			);
			inputPaths = (
				"${PODS_PODFILE_DIR_PATH}/Podfile.lock",
				"${PODS_ROOT}/Manifest.lock",
			);
			name = "[CP] Check Pods Manifest.lock";
			outputFileListPaths = (
			);
			outputPaths = (
				"$(DERIVED_FILE_DIR)/Pods-Apptunes-checkManifestLockResult.txt",
			);
			runOnlyForDeploymentPostprocessing = 0;
			shellPath = /bin/sh;
			shellScript = "diff \"${PODS_PODFILE_DIR_PATH}/Podfile.lock\" \"${PODS_ROOT}/Manifest.lock\" > /dev/null\nif [ $? != 0 ] ; then\n    # print error to STDERR\n    echo \"error: The sandbox is not in sync with the Podfile.lock. Run 'pod install' or update your CocoaPods installation.\" >&2\n    exit 1\nfi\n# This output is used by Xcode 'outputs' to avoid re-running this script phase.\necho \"SUCCESS\" > \"${SCRIPT_OUTPUT_FILE_0}\"\n";
			showEnvVarsInLog = 0;
		};
/* End PBXShellScriptBuildPhase section */

/* Begin PBXSourcesBuildPhase section */
		656C5E6726F03523005B62E2 /* Sources */ = {
			isa = PBXSourcesBuildPhase;
			buildActionMask = 2147483647;
			files = (
				656C5EC926F04D56005B62E2 /* UserDataStore.xcdatamodeld in Sources */,
				656C5EC526F04B0B005B62E2 /* UIViewController+URL.swift in Sources */,
				656C5EB126F043C2005B62E2 /* RefreshableViewProtocol.swift in Sources */,
				656C5EB526F043D1005B62E2 /* BorderProtocol.swift in Sources */,
				656C5EC226F04A16005B62E2 /* UIImageView+Kingfisher.swift in Sources */,
				656C5EBF26F04963005B62E2 /* Scenes.swift in Sources */,
				656C5ECB26F04DC2005B62E2 /* ItunesTrack.swift in Sources */,
				656C5E6F26F03523005B62E2 /* AppDelegate.swift in Sources */,
				656C5EBE26F04963005B62E2 /* Segues.swift in Sources */,
				656C5EAD26F0431C005B62E2 /* DesignableButton.swift in Sources */,
				656C5EAF26F04325005B62E2 /* DesignableView.swift in Sources */,
				656C5EB826F04514005B62E2 /* UIView+Animation.swift in Sources */,
				656C5EB326F043CA005B62E2 /* ShadowProtocol.swift in Sources */,
			);
			runOnlyForDeploymentPostprocessing = 0;
		};
		656C5E7D26F03526005B62E2 /* Sources */ = {
			isa = PBXSourcesBuildPhase;
			buildActionMask = 2147483647;
			files = (
				656C5E8626F03526005B62E2 /* ApptunesTests.swift in Sources */,
			);
			runOnlyForDeploymentPostprocessing = 0;
		};
		656C5E8826F03526005B62E2 /* Sources */ = {
			isa = PBXSourcesBuildPhase;
			buildActionMask = 2147483647;
			files = (
				656C5E9126F03526005B62E2 /* ApptunesUITests.swift in Sources */,
			);
			runOnlyForDeploymentPostprocessing = 0;
		};
/* End PBXSourcesBuildPhase section */

/* Begin PBXTargetDependency section */
		656C5E8326F03526005B62E2 /* PBXTargetDependency */ = {
			isa = PBXTargetDependency;
			target = 656C5E6A26F03523005B62E2 /* Apptunes */;
			targetProxy = 656C5E8226F03526005B62E2 /* PBXContainerItemProxy */;
		};
		656C5E8E26F03526005B62E2 /* PBXTargetDependency */ = {
			isa = PBXTargetDependency;
			target = 656C5E6A26F03523005B62E2 /* Apptunes */;
			targetProxy = 656C5E8D26F03526005B62E2 /* PBXContainerItemProxy */;
		};
/* End PBXTargetDependency section */

/* Begin PBXVariantGroup section */
		656C5E7926F03525005B62E2 /* LaunchScreen.storyboard */ = {
			isa = PBXVariantGroup;
			children = (
				656C5E7A26F03525005B62E2 /* Base */,
			);
			name = LaunchScreen.storyboard;
			sourceTree = "<group>";
		};
/* End PBXVariantGroup section */

/* Begin XCBuildConfiguration section */
		656C5E9326F03526005B62E2 /* Debug */ = {
			isa = XCBuildConfiguration;
			buildSettings = {
				ALWAYS_SEARCH_USER_PATHS = NO;
				CLANG_ANALYZER_NONNULL = YES;
				CLANG_ANALYZER_NUMBER_OBJECT_CONVERSION = YES_AGGRESSIVE;
				CLANG_CXX_LANGUAGE_STANDARD = "gnu++14";
				CLANG_CXX_LIBRARY = "libc++";
				CLANG_ENABLE_MODULES = YES;
				CLANG_ENABLE_OBJC_ARC = YES;
				CLANG_ENABLE_OBJC_WEAK = YES;
				CLANG_WARN_BLOCK_CAPTURE_AUTORELEASING = YES;
				CLANG_WARN_BOOL_CONVERSION = YES;
				CLANG_WARN_COMMA = YES;
				CLANG_WARN_CONSTANT_CONVERSION = YES;
				CLANG_WARN_DEPRECATED_OBJC_IMPLEMENTATIONS = YES;
				CLANG_WARN_DIRECT_OBJC_ISA_USAGE = YES_ERROR;
				CLANG_WARN_DOCUMENTATION_COMMENTS = YES;
				CLANG_WARN_EMPTY_BODY = YES;
				CLANG_WARN_ENUM_CONVERSION = YES;
				CLANG_WARN_INFINITE_RECURSION = YES;
				CLANG_WARN_INT_CONVERSION = YES;
				CLANG_WARN_NON_LITERAL_NULL_CONVERSION = YES;
				CLANG_WARN_OBJC_IMPLICIT_RETAIN_SELF = YES;
				CLANG_WARN_OBJC_LITERAL_CONVERSION = YES;
				CLANG_WARN_OBJC_ROOT_CLASS = YES_ERROR;
				CLANG_WARN_QUOTED_INCLUDE_IN_FRAMEWORK_HEADER = YES;
				CLANG_WARN_RANGE_LOOP_ANALYSIS = YES;
				CLANG_WARN_STRICT_PROTOTYPES = YES;
				CLANG_WARN_SUSPICIOUS_MOVE = YES;
				CLANG_WARN_UNGUARDED_AVAILABILITY = YES_AGGRESSIVE;
				CLANG_WARN_UNREACHABLE_CODE = YES;
				CLANG_WARN__DUPLICATE_METHOD_MATCH = YES;
				COPY_PHASE_STRIP = NO;
				DEBUG_INFORMATION_FORMAT = dwarf;
				ENABLE_STRICT_OBJC_MSGSEND = YES;
				ENABLE_TESTABILITY = YES;
				GCC_C_LANGUAGE_STANDARD = gnu11;
				GCC_DYNAMIC_NO_PIC = NO;
				GCC_NO_COMMON_BLOCKS = YES;
				GCC_OPTIMIZATION_LEVEL = 0;
				GCC_PREPROCESSOR_DEFINITIONS = (
					"DEBUG=1",
					"$(inherited)",
				);
				GCC_WARN_64_TO_32_BIT_CONVERSION = YES;
				GCC_WARN_ABOUT_RETURN_TYPE = YES_ERROR;
				GCC_WARN_UNDECLARED_SELECTOR = YES;
				GCC_WARN_UNINITIALIZED_AUTOS = YES_AGGRESSIVE;
				GCC_WARN_UNUSED_FUNCTION = YES;
				GCC_WARN_UNUSED_VARIABLE = YES;
				IPHONEOS_DEPLOYMENT_TARGET = 14.5;
				MTL_ENABLE_DEBUG_INFO = INCLUDE_SOURCE;
				MTL_FAST_MATH = YES;
				ONLY_ACTIVE_ARCH = YES;
				SDKROOT = iphoneos;
				SWIFT_ACTIVE_COMPILATION_CONDITIONS = DEBUG;
				SWIFT_OPTIMIZATION_LEVEL = "-Onone";
			};
			name = Debug;
		};
		656C5E9426F03526005B62E2 /* Release */ = {
			isa = XCBuildConfiguration;
			buildSettings = {
				ALWAYS_SEARCH_USER_PATHS = NO;
				CLANG_ANALYZER_NONNULL = YES;
				CLANG_ANALYZER_NUMBER_OBJECT_CONVERSION = YES_AGGRESSIVE;
				CLANG_CXX_LANGUAGE_STANDARD = "gnu++14";
				CLANG_CXX_LIBRARY = "libc++";
				CLANG_ENABLE_MODULES = YES;
				CLANG_ENABLE_OBJC_ARC = YES;
				CLANG_ENABLE_OBJC_WEAK = YES;
				CLANG_WARN_BLOCK_CAPTURE_AUTORELEASING = YES;
				CLANG_WARN_BOOL_CONVERSION = YES;
				CLANG_WARN_COMMA = YES;
				CLANG_WARN_CONSTANT_CONVERSION = YES;
				CLANG_WARN_DEPRECATED_OBJC_IMPLEMENTATIONS = YES;
				CLANG_WARN_DIRECT_OBJC_ISA_USAGE = YES_ERROR;
				CLANG_WARN_DOCUMENTATION_COMMENTS = YES;
				CLANG_WARN_EMPTY_BODY = YES;
				CLANG_WARN_ENUM_CONVERSION = YES;
				CLANG_WARN_INFINITE_RECURSION = YES;
				CLANG_WARN_INT_CONVERSION = YES;
				CLANG_WARN_NON_LITERAL_NULL_CONVERSION = YES;
				CLANG_WARN_OBJC_IMPLICIT_RETAIN_SELF = YES;
				CLANG_WARN_OBJC_LITERAL_CONVERSION = YES;
				CLANG_WARN_OBJC_ROOT_CLASS = YES_ERROR;
				CLANG_WARN_QUOTED_INCLUDE_IN_FRAMEWORK_HEADER = YES;
				CLANG_WARN_RANGE_LOOP_ANALYSIS = YES;
				CLANG_WARN_STRICT_PROTOTYPES = YES;
				CLANG_WARN_SUSPICIOUS_MOVE = YES;
				CLANG_WARN_UNGUARDED_AVAILABILITY = YES_AGGRESSIVE;
				CLANG_WARN_UNREACHABLE_CODE = YES;
				CLANG_WARN__DUPLICATE_METHOD_MATCH = YES;
				COPY_PHASE_STRIP = NO;
				DEBUG_INFORMATION_FORMAT = "dwarf-with-dsym";
				ENABLE_NS_ASSERTIONS = NO;
				ENABLE_STRICT_OBJC_MSGSEND = YES;
				GCC_C_LANGUAGE_STANDARD = gnu11;
				GCC_NO_COMMON_BLOCKS = YES;
				GCC_WARN_64_TO_32_BIT_CONVERSION = YES;
				GCC_WARN_ABOUT_RETURN_TYPE = YES_ERROR;
				GCC_WARN_UNDECLARED_SELECTOR = YES;
				GCC_WARN_UNINITIALIZED_AUTOS = YES_AGGRESSIVE;
				GCC_WARN_UNUSED_FUNCTION = YES;
				GCC_WARN_UNUSED_VARIABLE = YES;
				IPHONEOS_DEPLOYMENT_TARGET = 14.5;
				MTL_ENABLE_DEBUG_INFO = NO;
				MTL_FAST_MATH = YES;
				SDKROOT = iphoneos;
				SWIFT_COMPILATION_MODE = wholemodule;
				SWIFT_OPTIMIZATION_LEVEL = "-O";
				VALIDATE_PRODUCT = YES;
			};
			name = Release;
		};
		656C5E9626F03526005B62E2 /* Debug */ = {
			isa = XCBuildConfiguration;
			baseConfigurationReference = EFE85C812CC44131B64F6135 /* Pods-Apptunes.debug.xcconfig */;
			buildSettings = {
				ASSETCATALOG_COMPILER_APPICON_NAME = AppIcon;
				ASSETCATALOG_COMPILER_GLOBAL_ACCENT_COLOR_NAME = AccentColor;
				CODE_SIGN_STYLE = Automatic;
				INFOPLIST_FILE = Apptunes/Config/Info.plist;
				IPHONEOS_DEPLOYMENT_TARGET = 13.0;
				LD_RUNPATH_SEARCH_PATHS = (
					"$(inherited)",
					"@executable_path/Frameworks",
				);
				PRODUCT_BUNDLE_IDENTIFIER = com.mpsc.Apptunes;
				PRODUCT_NAME = "$(TARGET_NAME)";
				SWIFT_VERSION = 5.0;
				TARGETED_DEVICE_FAMILY = 1;
			};
			name = Debug;
		};
		656C5E9726F03526005B62E2 /* Release */ = {
			isa = XCBuildConfiguration;
			baseConfigurationReference = 676D1C301222C5D51BA32311 /* Pods-Apptunes.release.xcconfig */;
			buildSettings = {
				ASSETCATALOG_COMPILER_APPICON_NAME = AppIcon;
				ASSETCATALOG_COMPILER_GLOBAL_ACCENT_COLOR_NAME = AccentColor;
				CODE_SIGN_STYLE = Automatic;
				INFOPLIST_FILE = Apptunes/Config/Info.plist;
				IPHONEOS_DEPLOYMENT_TARGET = 13.0;
				LD_RUNPATH_SEARCH_PATHS = (
					"$(inherited)",
					"@executable_path/Frameworks",
				);
				PRODUCT_BUNDLE_IDENTIFIER = com.mpsc.Apptunes;
				PRODUCT_NAME = "$(TARGET_NAME)";
				SWIFT_VERSION = 5.0;
				TARGETED_DEVICE_FAMILY = 1;
			};
			name = Release;
		};
		656C5E9926F03526005B62E2 /* Debug */ = {
			isa = XCBuildConfiguration;
			baseConfigurationReference = B21AED96299BBE50383F6C7D /* Pods-ApptunesTests.debug.xcconfig */;
			buildSettings = {
				ALWAYS_EMBED_SWIFT_STANDARD_LIBRARIES = YES;
				BUNDLE_LOADER = "$(TEST_HOST)";
				CODE_SIGN_STYLE = Automatic;
				INFOPLIST_FILE = ApptunesTests/Info.plist;
				IPHONEOS_DEPLOYMENT_TARGET = 14.5;
				LD_RUNPATH_SEARCH_PATHS = (
					"$(inherited)",
					"@executable_path/Frameworks",
					"@loader_path/Frameworks",
				);
				PRODUCT_BUNDLE_IDENTIFIER = com.mpsc.ApptunesTests;
				PRODUCT_NAME = "$(TARGET_NAME)";
				SWIFT_VERSION = 5.0;
				TARGETED_DEVICE_FAMILY = "1,2";
				TEST_HOST = "$(BUILT_PRODUCTS_DIR)/Apptunes.app/Apptunes";
			};
			name = Debug;
		};
		656C5E9A26F03526005B62E2 /* Release */ = {
			isa = XCBuildConfiguration;
			baseConfigurationReference = 0FD7D9433DD556E735102D9B /* Pods-ApptunesTests.release.xcconfig */;
			buildSettings = {
				ALWAYS_EMBED_SWIFT_STANDARD_LIBRARIES = YES;
				BUNDLE_LOADER = "$(TEST_HOST)";
				CODE_SIGN_STYLE = Automatic;
				INFOPLIST_FILE = ApptunesTests/Info.plist;
				IPHONEOS_DEPLOYMENT_TARGET = 14.5;
				LD_RUNPATH_SEARCH_PATHS = (
					"$(inherited)",
					"@executable_path/Frameworks",
					"@loader_path/Frameworks",
				);
				PRODUCT_BUNDLE_IDENTIFIER = com.mpsc.ApptunesTests;
				PRODUCT_NAME = "$(TARGET_NAME)";
				SWIFT_VERSION = 5.0;
				TARGETED_DEVICE_FAMILY = "1,2";
				TEST_HOST = "$(BUILT_PRODUCTS_DIR)/Apptunes.app/Apptunes";
			};
			name = Release;
		};
		656C5E9C26F03526005B62E2 /* Debug */ = {
			isa = XCBuildConfiguration;
			baseConfigurationReference = 013E241133A1F8C759F6F536 /* Pods-Apptunes-ApptunesUITests.debug.xcconfig */;
			buildSettings = {
				ALWAYS_EMBED_SWIFT_STANDARD_LIBRARIES = YES;
				CODE_SIGN_STYLE = Automatic;
				INFOPLIST_FILE = ApptunesUITests/Info.plist;
				LD_RUNPATH_SEARCH_PATHS = (
					"$(inherited)",
					"@executable_path/Frameworks",
					"@loader_path/Frameworks",
				);
				PRODUCT_BUNDLE_IDENTIFIER = com.mpsc.ApptunesUITests;
				PRODUCT_NAME = "$(TARGET_NAME)";
				SWIFT_VERSION = 5.0;
				TARGETED_DEVICE_FAMILY = "1,2";
				TEST_TARGET_NAME = Apptunes;
			};
			name = Debug;
		};
		656C5E9D26F03526005B62E2 /* Release */ = {
			isa = XCBuildConfiguration;
			baseConfigurationReference = CE248475F50BC93B28855316 /* Pods-Apptunes-ApptunesUITests.release.xcconfig */;
			buildSettings = {
				ALWAYS_EMBED_SWIFT_STANDARD_LIBRARIES = YES;
				CODE_SIGN_STYLE = Automatic;
				INFOPLIST_FILE = ApptunesUITests/Info.plist;
				LD_RUNPATH_SEARCH_PATHS = (
					"$(inherited)",
					"@executable_path/Frameworks",
					"@loader_path/Frameworks",
				);
				PRODUCT_BUNDLE_IDENTIFIER = com.mpsc.ApptunesUITests;
				PRODUCT_NAME = "$(TARGET_NAME)";
				SWIFT_VERSION = 5.0;
				TARGETED_DEVICE_FAMILY = "1,2";
				TEST_TARGET_NAME = Apptunes;
			};
			name = Release;
		};
/* End XCBuildConfiguration section */

/* Begin XCConfigurationList section */
		656C5E6626F03523005B62E2 /* Build configuration list for PBXProject "Apptunes" */ = {
			isa = XCConfigurationList;
			buildConfigurations = (
				656C5E9326F03526005B62E2 /* Debug */,
				656C5E9426F03526005B62E2 /* Release */,
			);
			defaultConfigurationIsVisible = 0;
			defaultConfigurationName = Release;
		};
		656C5E9526F03526005B62E2 /* Build configuration list for PBXNativeTarget "Apptunes" */ = {
			isa = XCConfigurationList;
			buildConfigurations = (
				656C5E9626F03526005B62E2 /* Debug */,
				656C5E9726F03526005B62E2 /* Release */,
			);
			defaultConfigurationIsVisible = 0;
			defaultConfigurationName = Release;
		};
		656C5E9826F03526005B62E2 /* Build configuration list for PBXNativeTarget "ApptunesTests" */ = {
			isa = XCConfigurationList;
			buildConfigurations = (
				656C5E9926F03526005B62E2 /* Debug */,
				656C5E9A26F03526005B62E2 /* Release */,
			);
			defaultConfigurationIsVisible = 0;
			defaultConfigurationName = Release;
		};
		656C5E9B26F03526005B62E2 /* Build configuration list for PBXNativeTarget "ApptunesUITests" */ = {
			isa = XCConfigurationList;
			buildConfigurations = (
				656C5E9C26F03526005B62E2 /* Debug */,
				656C5E9D26F03526005B62E2 /* Release */,
			);
			defaultConfigurationIsVisible = 0;
			defaultConfigurationName = Release;
		};
/* End XCConfigurationList section */

/* Begin XCVersionGroup section */
		656C5EC726F04D56005B62E2 /* UserDataStore.xcdatamodeld */ = {
			isa = XCVersionGroup;
			children = (
				656C5EC826F04D56005B62E2 /* UserDataStore.xcdatamodel */,
			);
			currentVersion = 656C5EC826F04D56005B62E2 /* UserDataStore.xcdatamodel */;
			path = UserDataStore.xcdatamodeld;
			sourceTree = "<group>";
			versionGroupType = wrapper.xcdatamodel;
		};
/* End XCVersionGroup section */
	};
	rootObject = 656C5E6326F03523005B62E2 /* Project object */;
}
